{
  "originHash" : "02f7d1d584cb877d32c6aaa6f8800a8cb2b438d0eb9a0bb59103a23e8809ec72",
  "pins" : [
    {
      "identity" : "stoobit-analytics-swift",
      "kind" : "remoteSourceControl",
      "location" : "https://github.com/stoobit-analytics/stoobit-analytics-swift",
      "state" : {
        "revision" : "2b9831fe1eeeaebb825f115d833767364782f9db",
        "version" : "2.0.1"
      }
    }
  ],
  "version" : 3
}
